
Microsoft Visual Studio Solution File, Format Version 12.00
# Visual Studio Version 17
VisualStudioVersion = 17.5.33516.290
MinimumVisualStudioVersion = 10.0.40219.1
Project("{9A19103F-16F7-4668-BE54-9A1E7A4F7556}") = "SmartLogistics.API", "SmartLogistics.API\SmartLogistics.API.csproj", "{2268EB25-D32F-4C84-A3CE-26603D5B246D}"
EndProject
Project("{9A19103F-16F7-4668-BE54-9A1E7A4F7556}") = "Broker", "Broker\Broker.csproj", "{21BC32E4-4201-4289-BAA1-BCE40BB05BAE}"
EndProject
Global
	GlobalSection(SolutionConfigurationPlatforms) = preSolution
		Debug|Any CPU = Debug|Any CPU
		Release|Any CPU = Release|Any CPU
	EndGlobalSection
	GlobalSection(ProjectConfigurationPlatforms) = postSolution
		{2268EB25-D32F-4C84-A3CE-26603D5B246D}.Debug|Any CPU.ActiveCfg = Debug|Any CPU
		{2268EB25-D32F-4C84-A3CE-26603D5B246D}.Debug|Any CPU.Build.0 = Debug|Any CPU
		{2268EB25-D32F-4C84-A3CE-26603D5B246D}.Release|Any CPU.ActiveCfg = Release|Any CPU
		{2268EB25-D32F-4C84-A3CE-26603D5B246D}.Release|Any CPU.Build.0 = Release|Any CPU
		{21BC32E4-4201-4289-BAA1-BCE40BB05BAE}.Debug|Any CPU.ActiveCfg = Debug|Any CPU
		{21BC32E4-4201-4289-BAA1-BCE40BB05BAE}.Debug|Any CPU.Build.0 = Debug|Any CPU
		{21BC32E4-4201-4289-BAA1-BCE40BB05BAE}.Release|Any CPU.ActiveCfg = Release|Any CPU
		{21BC32E4-4201-4289-BAA1-BCE40BB05BAE}.Release|Any CPU.Build.0 = Release|Any CPU
	EndGlobalSection
	GlobalSection(SolutionProperties) = preSolution
		HideSolutionNode = FALSE
	EndGlobalSection
	GlobalSection(ExtensibilityGlobals) = postSolution
		SolutionGuid = {F53BC959-3974-46F3-BEA6-0134768EBB0D}
	EndGlobalSection
EndGlobal
